// !$*UTF8*$!
{
	archiveVersion = 1;
	classes = {
	};
	objectVersion = 48;
	objects = {

/* Begin PBXBuildFile section */
		174A939320417CCF00EAA718 /* AppDelegate.swift in Sources */ = {isa = PBXBuildFile; fileRef = 174A939220417CCF00EAA718 /* AppDelegate.swift */; };
		174A939D20417CCF00EAA718 /* LaunchScreen.storyboard in Resources */ = {isa = PBXBuildFile; fileRef = 174A939B20417CCF00EAA718 /* LaunchScreen.storyboard */; };
		174A93A820417CCF00EAA718 /* CoreGraphicsUtilsTests.swift in Sources */ = {isa = PBXBuildFile; fileRef = 174A93A720417CCF00EAA718 /* CoreGraphicsUtilsTests.swift */; };
		174A93B320417CCF00EAA718 /* CoreGraphicsUtilsUITests.swift in Sources */ = {isa = PBXBuildFile; fileRef = 174A93B220417CCF00EAA718 /* CoreGraphicsUtilsUITests.swift */; };
		174A93C720417D6700EAA718 /* CGRect+Utilities.swift in Sources */ = {isa = PBXBuildFile; fileRef = 174A93C120417D6600EAA718 /* CGRect+Utilities.swift */; };
		174A93C820417D6700EAA718 /* CGPoint+Math.swift in Sources */ = {isa = PBXBuildFile; fileRef = 174A93C220417D6600EAA718 /* CGPoint+Math.swift */; };
		174A93C920417D6700EAA718 /* CGVector+Math.swift in Sources */ = {isa = PBXBuildFile; fileRef = 174A93C320417D6600EAA718 /* CGVector+Math.swift */; };
		174A93CA20417D6700EAA718 /* CGPoint+Utilities.swift in Sources */ = {isa = PBXBuildFile; fileRef = 174A93C420417D6600EAA718 /* CGPoint+Utilities.swift */; };
		174A93CB20417D6700EAA718 /* UIBezierPath+Utilities.swift in Sources */ = {isa = PBXBuildFile; fileRef = 174A93C520417D6600EAA718 /* UIBezierPath+Utilities.swift */; };
		174A93CC20417D6700EAA718 /* CGVector+Utilities.swift in Sources */ = {isa = PBXBuildFile; fileRef = 174A93C620417D6600EAA718 /* CGVector+Utilities.swift */; };
/* End PBXBuildFile section */

/* Begin PBXContainerItemProxy section */
		174A93A420417CCF00EAA718 /* PBXContainerItemProxy */ = {
			isa = PBXContainerItemProxy;
			containerPortal = 174A938720417CCF00EAA718 /* Project object */;
			proxyType = 1;
			remoteGlobalIDString = 174A938E20417CCF00EAA718;
			remoteInfo = CoreGraphicsUtils;
		};
		174A93AF20417CCF00EAA718 /* PBXContainerItemProxy */ = {
			isa = PBXContainerItemProxy;
			containerPortal = 174A938720417CCF00EAA718 /* Project object */;
			proxyType = 1;
			remoteGlobalIDString = 174A938E20417CCF00EAA718;
			remoteInfo = CoreGraphicsUtils;
		};
/* End PBXContainerItemProxy section */

/* Begin PBXFileReference section */
		174A938F20417CCF00EAA718 /* CoreGraphicsUtils.app */ = {isa = PBXFileReference; explicitFileType = wrapper.application; includeInIndex = 0; path = CoreGraphicsUtils.app; sourceTree = BUILT_PRODUCTS_DIR; };
		174A939220417CCF00EAA718 /* AppDelegate.swift */ = {isa = PBXFileReference; lastKnownFileType = sourcecode.swift; path = AppDelegate.swift; sourceTree = "<group>"; };
		174A939C20417CCF00EAA718 /* Base */ = {isa = PBXFileReference; lastKnownFileType = file.storyboard; name = Base; path = Base.lproj/LaunchScreen.storyboard; sourceTree = "<group>"; };
		174A939E20417CCF00EAA718 /* Info.plist */ = {isa = PBXFileReference; lastKnownFileType = text.plist.xml; path = Info.plist; sourceTree = "<group>"; };
		174A93A320417CCF00EAA718 /* CoreGraphicsUtilsTests.xctest */ = {isa = PBXFileReference; explicitFileType = wrapper.cfbundle; includeInIndex = 0; path = CoreGraphicsUtilsTests.xctest; sourceTree = BUILT_PRODUCTS_DIR; };
		174A93A720417CCF00EAA718 /* CoreGraphicsUtilsTests.swift */ = {isa = PBXFileReference; lastKnownFileType = sourcecode.swift; path = CoreGraphicsUtilsTests.swift; sourceTree = "<group>"; };
		174A93A920417CCF00EAA718 /* Info.plist */ = {isa = PBXFileReference; lastKnownFileType = text.plist.xml; path = Info.plist; sourceTree = "<group>"; };
		174A93AE20417CCF00EAA718 /* CoreGraphicsUtilsUITests.xctest */ = {isa = PBXFileReference; explicitFileType = wrapper.cfbundle; includeInIndex = 0; path = CoreGraphicsUtilsUITests.xctest; sourceTree = BUILT_PRODUCTS_DIR; };
		174A93B220417CCF00EAA718 /* CoreGraphicsUtilsUITests.swift */ = {isa = PBXFileReference; lastKnownFileType = sourcecode.swift; path = CoreGraphicsUtilsUITests.swift; sourceTree = "<group>"; };
		174A93B420417CCF00EAA718 /* Info.plist */ = {isa = PBXFileReference; lastKnownFileType = text.plist.xml; path = Info.plist; sourceTree = "<group>"; };
		174A93C120417D6600EAA718 /* CGRect+Utilities.swift */ = {isa = PBXFileReference; fileEncoding = 4; lastKnownFileType = sourcecode.swift; path = "CGRect+Utilities.swift"; sourceTree = "<group>"; };
		174A93C220417D6600EAA718 /* CGPoint+Math.swift */ = {isa = PBXFileReference; fileEncoding = 4; lastKnownFileType = sourcecode.swift; path = "CGPoint+Math.swift"; sourceTree = "<group>"; };
		174A93C320417D6600EAA718 /* CGVector+Math.swift */ = {isa = PBXFileReference; fileEncoding = 4; lastKnownFileType = sourcecode.swift; path = "CGVector+Math.swift"; sourceTree = "<group>"; };
		174A93C420417D6600EAA718 /* CGPoint+Utilities.swift */ = {isa = PBXFileReference; fileEncoding = 4; lastKnownFileType = sourcecode.swift; path = "CGPoint+Utilities.swift"; sourceTree = "<group>"; };
		174A93C520417D6600EAA718 /* UIBezierPath+Utilities.swift */ = {isa = PBXFileReference; fileEncoding = 4; lastKnownFileType = sourcecode.swift; path = "UIBezierPath+Utilities.swift"; sourceTree = "<group>"; };
		174A93C620417D6600EAA718 /* CGVector+Utilities.swift */ = {isa = PBXFileReference; fileEncoding = 4; lastKnownFileType = sourcecode.swift; path = "CGVector+Utilities.swift"; sourceTree = "<group>"; };
/* End PBXFileReference section */

/* Begin PBXFrameworksBuildPhase section */
		174A938C20417CCF00EAA718 /* Frameworks */ = {
			isa = PBXFrameworksBuildPhase;
			buildActionMask = 2147483647;
			files = (
			);
			runOnlyForDeploymentPostprocessing = 0;
		};
		174A93A020417CCF00EAA718 /* Frameworks */ = {
			isa = PBXFrameworksBuildPhase;
			buildActionMask = 2147483647;
			files = (
			);
			runOnlyForDeploymentPostprocessing = 0;
		};
		174A93AB20417CCF00EAA718 /* Frameworks */ = {
			isa = PBXFrameworksBuildPhase;
			buildActionMask = 2147483647;
			files = (
			);
			runOnlyForDeploymentPostprocessing = 0;
		};
/* End PBXFrameworksBuildPhase section */

/* Begin PBXGroup section */
		174A938620417CCF00EAA718 = {
			isa = PBXGroup;
			children = (
				174A939120417CCF00EAA718 /* CoreGraphicsUtils */,
				174A93A620417CCF00EAA718 /* CoreGraphicsUtilsTests */,
				174A93B120417CCF00EAA718 /* CoreGraphicsUtilsUITests */,
				174A939020417CCF00EAA718 /* Products */,
			);
			sourceTree = "<group>";
		};
		174A939020417CCF00EAA718 /* Products */ = {
			isa = PBXGroup;
			children = (
				174A938F20417CCF00EAA718 /* CoreGraphicsUtils.app */,
				174A93A320417CCF00EAA718 /* CoreGraphicsUtilsTests.xctest */,
				174A93AE20417CCF00EAA718 /* CoreGraphicsUtilsUITests.xctest */,
			);
			name = Products;
			sourceTree = "<group>";
		};
		174A939120417CCF00EAA718 /* CoreGraphicsUtils */ = {
			isa = PBXGroup;
			children = (
				174A93C020417CE400EAA718 /* Code */,
				174A939220417CCF00EAA718 /* AppDelegate.swift */,
				174A939B20417CCF00EAA718 /* LaunchScreen.storyboard */,
				174A939E20417CCF00EAA718 /* Info.plist */,
			);
			path = CoreGraphicsUtils;
			sourceTree = "<group>";
		};
		174A93A620417CCF00EAA718 /* CoreGraphicsUtilsTests */ = {
			isa = PBXGroup;
			children = (
				174A93A720417CCF00EAA718 /* CoreGraphicsUtilsTests.swift */,
				174A93A920417CCF00EAA718 /* Info.plist */,
			);
			path = CoreGraphicsUtilsTests;
			sourceTree = "<group>";
		};
		174A93B120417CCF00EAA718 /* CoreGraphicsUtilsUITests */ = {
			isa = PBXGroup;
			children = (
				174A93B220417CCF00EAA718 /* CoreGraphicsUtilsUITests.swift */,
				174A93B420417CCF00EAA718 /* Info.plist */,
			);
			path = CoreGraphicsUtilsUITests;
			sourceTree = "<group>";
		};
		174A93C020417CE400EAA718 /* Code */ = {
			isa = PBXGroup;
			children = (
				174A93C220417D6600EAA718 /* CGPoint+Math.swift */,
				174A93C420417D6600EAA718 /* CGPoint+Utilities.swift */,
				174A93C120417D6600EAA718 /* CGRect+Utilities.swift */,
				174A93C320417D6600EAA718 /* CGVector+Math.swift */,
				174A93C620417D6600EAA718 /* CGVector+Utilities.swift */,
				174A93C520417D6600EAA718 /* UIBezierPath+Utilities.swift */,
			);
			path = Code;
			sourceTree = "<group>";
		};
/* End PBXGroup section */

/* Begin PBXNativeTarget section */
		174A938E20417CCF00EAA718 /* CoreGraphicsUtils */ = {
			isa = PBXNativeTarget;
			buildConfigurationList = 174A93B720417CCF00EAA718 /* Build configuration list for PBXNativeTarget "CoreGraphicsUtils" */;
			buildPhases = (
				174A938B20417CCF00EAA718 /* Sources */,
				174A938C20417CCF00EAA718 /* Frameworks */,
				174A938D20417CCF00EAA718 /* Resources */,
			);
			buildRules = (
			);
			dependencies = (
			);
			name = CoreGraphicsUtils;
			productName = CoreGraphicsUtils;
			productReference = 174A938F20417CCF00EAA718 /* CoreGraphicsUtils.app */;
			productType = "com.apple.product-type.application";
		};
		174A93A220417CCF00EAA718 /* CoreGraphicsUtilsTests */ = {
			isa = PBXNativeTarget;
			buildConfigurationList = 174A93BA20417CCF00EAA718 /* Build configuration list for PBXNativeTarget "CoreGraphicsUtilsTests" */;
			buildPhases = (
				174A939F20417CCF00EAA718 /* Sources */,
				174A93A020417CCF00EAA718 /* Frameworks */,
				174A93A120417CCF00EAA718 /* Resources */,
			);
			buildRules = (
			);
			dependencies = (
				174A93A520417CCF00EAA718 /* PBXTargetDependency */,
			);
			name = CoreGraphicsUtilsTests;
			productName = CoreGraphicsUtilsTests;
			productReference = 174A93A320417CCF00EAA718 /* CoreGraphicsUtilsTests.xctest */;
			productType = "com.apple.product-type.bundle.unit-test";
		};
		174A93AD20417CCF00EAA718 /* CoreGraphicsUtilsUITests */ = {
			isa = PBXNativeTarget;
			buildConfigurationList = 174A93BD20417CCF00EAA718 /* Build configuration list for PBXNativeTarget "CoreGraphicsUtilsUITests" */;
			buildPhases = (
				174A93AA20417CCF00EAA718 /* Sources */,
				174A93AB20417CCF00EAA718 /* Frameworks */,
				174A93AC20417CCF00EAA718 /* Resources */,
			);
			buildRules = (
			);
			dependencies = (
				174A93B020417CCF00EAA718 /* PBXTargetDependency */,
			);
			name = CoreGraphicsUtilsUITests;
			productName = CoreGraphicsUtilsUITests;
			productReference = 174A93AE20417CCF00EAA718 /* CoreGraphicsUtilsUITests.xctest */;
			productType = "com.apple.product-type.bundle.ui-testing";
		};
/* End PBXNativeTarget section */

/* Begin PBXProject section */
		174A938720417CCF00EAA718 /* Project object */ = {
			isa = PBXProject;
			attributes = {
				LastSwiftUpdateCheck = 0920;
				LastUpgradeCheck = 0920;
				ORGANIZATIONNAME = "Anh Vu Mai";
				TargetAttributes = {
					174A938E20417CCF00EAA718 = {
						CreatedOnToolsVersion = 9.2;
						ProvisioningStyle = Automatic;
					};
					174A93A220417CCF00EAA718 = {
						CreatedOnToolsVersion = 9.2;
						ProvisioningStyle = Automatic;
						TestTargetID = 174A938E20417CCF00EAA718;
					};
					174A93AD20417CCF00EAA718 = {
						CreatedOnToolsVersion = 9.2;
						ProvisioningStyle = Automatic;
						TestTargetID = 174A938E20417CCF00EAA718;
					};
				};
			};
			buildConfigurationList = 174A938A20417CCF00EAA718 /* Build configuration list for PBXProject "CoreGraphicsUtils" */;
			compatibilityVersion = "Xcode 8.0";
			developmentRegion = en;
			hasScannedForEncodings = 0;
			knownRegions = (
				en,
				Base,
			);
			mainGroup = 174A938620417CCF00EAA718;
			productRefGroup = 174A939020417CCF00EAA718 /* Products */;
			projectDirPath = "";
			projectRoot = "";
			targets = (
				174A938E20417CCF00EAA718 /* CoreGraphicsUtils */,
				174A93A220417CCF00EAA718 /* CoreGraphicsUtilsTests */,
				174A93AD20417CCF00EAA718 /* CoreGraphicsUtilsUITests */,
			);
		};
/* End PBXProject section */

/* Begin PBXResourcesBuildPhase section */
		174A938D20417CCF00EAA718 /* Resources */ = {
			isa = PBXResourcesBuildPhase;
			buildActionMask = 2147483647;
			files = (
				174A939D20417CCF00EAA718 /* LaunchScreen.storyboard in Resources */,
			);
			runOnlyForDeploymentPostprocessing = 0;
		};
		174A93A120417CCF00EAA718 /* Resources */ = {
			isa = PBXResourcesBuildPhase;
			buildActionMask = 2147483647;
			files = (
			);
			runOnlyForDeploymentPostprocessing = 0;
		};
		174A93AC20417CCF00EAA718 /* Resources */ = {
			isa = PBXResourcesBuildPhase;
			buildActionMask = 2147483647;
			files = (
			);
			runOnlyForDeploymentPostprocessing = 0;
		};
/* End PBXResourcesBuildPhase section */

/* Begin PBXSourcesBuildPhase section */
		174A938B20417CCF00EAA718 /* Sources */ = {
			isa = PBXSourcesBuildPhase;
			buildActionMask = 2147483647;
			files = (
				174A93C920417D6700EAA718 /* CGVector+Math.swift in Sources */,
				174A93CC20417D6700EAA718 /* CGVector+Utilities.swift in Sources */,
				174A93C820417D6700EAA718 /* CGPoint+Math.swift in Sources */,
				174A93CB20417D6700EAA718 /* UIBezierPath+Utilities.swift in Sources */,
				174A93C720417D6700EAA718 /* CGRect+Utilities.swift in Sources */,
				174A939320417CCF00EAA718 /* AppDelegate.swift in Sources */,
				174A93CA20417D6700EAA718 /* CGPoint+Utilities.swift in Sources */,
			);
			runOnlyForDeploymentPostprocessing = 0;
		};
		174A939F20417CCF00EAA718 /* Sources */ = {
			isa = PBXSourcesBuildPhase;
			buildActionMask = 2147483647;
			files = (
				174A93A820417CCF00EAA718 /* CoreGraphicsUtilsTests.swift in Sources */,
			);
			runOnlyForDeploymentPostprocessing = 0;
		};
		174A93AA20417CCF00EAA718 /* Sources */ = {
			isa = PBXSourcesBuildPhase;
			buildActionMask = 2147483647;
			files = (
				174A93B320417CCF00EAA718 /* CoreGraphicsUtilsUITests.swift in Sources */,
			);
			runOnlyForDeploymentPostprocessing = 0;
		};
/* End PBXSourcesBuildPhase section */

/* Begin PBXTargetDependency section */
		174A93A520417CCF00EAA718 /* PBXTargetDependency */ = {
			isa = PBXTargetDependency;
			target = 174A938E20417CCF00EAA718 /* CoreGraphicsUtils */;
			targetProxy = 174A93A420417CCF00EAA718 /* PBXContainerItemProxy */;
		};
		174A93B020417CCF00EAA718 /* PBXTargetDependency */ = {
			isa = PBXTargetDependency;
			target = 174A938E20417CCF00EAA718 /* CoreGraphicsUtils */;
			targetProxy = 174A93AF20417CCF00EAA718 /* PBXContainerItemProxy */;
		};
/* End PBXTargetDependency section */

/* Begin PBXVariantGroup section */
		174A939B20417CCF00EAA718 /* LaunchScreen.storyboard */ = {
			isa = PBXVariantGroup;
			children = (
				174A939C20417CCF00EAA718 /* Base */,
			);
			name = LaunchScreen.storyboard;
			sourceTree = "<group>";
		};
/* End PBXVariantGroup section */

/* Begin XCBuildConfiguration section */
		174A93B520417CCF00EAA718 /* Debug */ = {
			isa = XCBuildConfiguration;
			buildSettings = {
				ALWAYS_SEARCH_USER_PATHS = NO;
				CLANG_ANALYZER_NONNULL = YES;
				CLANG_ANALYZER_NUMBER_OBJECT_CONVERSION = YES_AGGRESSIVE;
				CLANG_CXX_LANGUAGE_STANDARD = "gnu++14";
				CLANG_CXX_LIBRARY = "libc++";
				CLANG_ENABLE_MODULES = YES;
				CLANG_ENABLE_OBJC_ARC = YES;
				CLANG_WARN_BLOCK_CAPTURE_AUTORELEASING = YES;
				CLANG_WARN_BOOL_CONVERSION = YES;
				CLANG_WARN_COMMA = YES;
				CLANG_WARN_CONSTANT_CONVERSION = YES;
				CLANG_WARN_DIRECT_OBJC_ISA_USAGE = YES_ERROR;
				CLANG_WARN_DOCUMENTATION_COMMENTS = YES;
				CLANG_WARN_EMPTY_BODY = YES;
				CLANG_WARN_ENUM_CONVERSION = YES;
				CLANG_WARN_INFINITE_RECURSION = YES;
				CLANG_WARN_INT_CONVERSION = YES;
				CLANG_WARN_NON_LITERAL_NULL_CONVERSION = YES;
				CLANG_WARN_OBJC_LITERAL_CONVERSION = YES;
				CLANG_WARN_OBJC_ROOT_CLASS = YES_ERROR;
				CLANG_WARN_RANGE_LOOP_ANALYSIS = YES;
				CLANG_WARN_STRICT_PROTOTYPES = YES;
				CLANG_WARN_SUSPICIOUS_MOVE = YES;
				CLANG_WARN_UNGUARDED_AVAILABILITY = YES_AGGRESSIVE;
				CLANG_WARN_UNREACHABLE_CODE = YES;
				CLANG_WARN__DUPLICATE_METHOD_MATCH = YES;
				CODE_SIGN_IDENTITY = "iPhone Developer";
				COPY_PHASE_STRIP = NO;
				DEBUG_INFORMATION_FORMAT = dwarf;
				ENABLE_STRICT_OBJC_MSGSEND = YES;
				ENABLE_TESTABILITY = YES;
				GCC_C_LANGUAGE_STANDARD = gnu11;
				GCC_DYNAMIC_NO_PIC = NO;
				GCC_NO_COMMON_BLOCKS = YES;
				GCC_OPTIMIZATION_LEVEL = 0;
				GCC_PREPROCESSOR_DEFINITIONS = (
					"DEBUG=1",
					"$(inherited)",
				);
				GCC_WARN_64_TO_32_BIT_CONVERSION = YES;
				GCC_WARN_ABOUT_RETURN_TYPE = YES_ERROR;
				GCC_WARN_UNDECLARED_SELECTOR = YES;
				GCC_WARN_UNINITIALIZED_AUTOS = YES_AGGRESSIVE;
				GCC_WARN_UNUSED_FUNCTION = YES;
				GCC_WARN_UNUSED_VARIABLE = YES;
				IPHONEOS_DEPLOYMENT_TARGET = 11.2;
				MTL_ENABLE_DEBUG_INFO = YES;
				ONLY_ACTIVE_ARCH = YES;
				SDKROOT = iphoneos;
				SWIFT_ACTIVE_COMPILATION_CONDITIONS = DEBUG;
				SWIFT_OPTIMIZATION_LEVEL = "-Onone";
			};
			name = Debug;
		};
		174A93B620417CCF00EAA718 /* Release */ = {
			isa = XCBuildConfiguration;
			buildSettings = {
				ALWAYS_SEARCH_USER_PATHS = NO;
				CLANG_ANALYZER_NONNULL = YES;
				CLANG_ANALYZER_NUMBER_OBJECT_CONVERSION = YES_AGGRESSIVE;
				CLANG_CXX_LANGUAGE_STANDARD = "gnu++14";
				CLANG_CXX_LIBRARY = "libc++";
				CLANG_ENABLE_MODULES = YES;
				CLANG_ENABLE_OBJC_ARC = YES;
				CLANG_WARN_BLOCK_CAPTURE_AUTORELEASING = YES;
				CLANG_WARN_BOOL_CONVERSION = YES;
				CLANG_WARN_COMMA = YES;
				CLANG_WARN_CONSTANT_CONVERSION = YES;
				CLANG_WARN_DIRECT_OBJC_ISA_USAGE = YES_ERROR;
				CLANG_WARN_DOCUMENTATION_COMMENTS = YES;
				CLANG_WARN_EMPTY_BODY = YES;
				CLANG_WARN_ENUM_CONVERSION = YES;
				CLANG_WARN_INFINITE_RECURSION = YES;
				CLANG_WARN_INT_CONVERSION = YES;
				CLANG_WARN_NON_LITERAL_NULL_CONVERSION = YES;
				CLANG_WARN_OBJC_LITERAL_CONVERSION = YES;
				CLANG_WARN_OBJC_ROOT_CLASS = YES_ERROR;
				CLANG_WARN_RANGE_LOOP_ANALYSIS = YES;
				CLANG_WARN_STRICT_PROTOTYPES = YES;
				CLANG_WARN_SUSPICIOUS_MOVE = YES;
				CLANG_WARN_UNGUARDED_AVAILABILITY = YES_AGGRESSIVE;
				CLANG_WARN_UNREACHABLE_CODE = YES;
				CLANG_WARN__DUPLICATE_METHOD_MATCH = YES;
				CODE_SIGN_IDENTITY = "iPhone Developer";
				COPY_PHASE_STRIP = NO;
				DEBUG_INFORMATION_FORMAT = "dwarf-with-dsym";
				ENABLE_NS_ASSERTIONS = NO;
				ENABLE_STRICT_OBJC_MSGSEND = YES;
				GCC_C_LANGUAGE_STANDARD = gnu11;
				GCC_NO_COMMON_BLOCKS = YES;
				GCC_WARN_64_TO_32_BIT_CONVERSION = YES;
				GCC_WARN_ABOUT_RETURN_TYPE = YES_ERROR;
				GCC_WARN_UNDECLARED_SELECTOR = YES;
				GCC_WARN_UNINITIALIZED_AUTOS = YES_AGGRESSIVE;
				GCC_WARN_UNUSED_FUNCTION = YES;
				GCC_WARN_UNUSED_VARIABLE = YES;
				IPHONEOS_DEPLOYMENT_TARGET = 11.2;
				MTL_ENABLE_DEBUG_INFO = NO;
				SDKROOT = iphoneos;
				SWIFT_OPTIMIZATION_LEVEL = "-Owholemodule";
				VALIDATE_PRODUCT = YES;
			};
			name = Release;
		};
		174A93B820417CCF00EAA718 /* Debug */ = {
			isa = XCBuildConfiguration;
			buildSettings = {
				ASSETCATALOG_COMPILER_APPICON_NAME = AppIcon;
				CODE_SIGN_STYLE = Automatic;
				DEVELOPMENT_TEAM = A98SVH33FM;
				INFOPLIST_FILE = CoreGraphicsUtils/Info.plist;
				LD_RUNPATH_SEARCH_PATHS = "$(inherited) @executable_path/Frameworks";
				PRODUCT_BUNDLE_IDENTIFIER = com.maianhvu.ios.CoreGraphicsUtils;
				PRODUCT_NAME = "$(TARGET_NAME)";
				SWIFT_VERSION = 4.0;
				TARGETED_DEVICE_FAMILY = "1,2";
			};
			name = Debug;
		};
		174A93B920417CCF00EAA718 /* Release */ = {
			isa = XCBuildConfiguration;
			buildSettings = {
				ASSETCATALOG_COMPILER_APPICON_NAME = AppIcon;
				CODE_SIGN_STYLE = Automatic;
				DEVELOPMENT_TEAM = A98SVH33FM;
				INFOPLIST_FILE = CoreGraphicsUtils/Info.plist;
				LD_RUNPATH_SEARCH_PATHS = "$(inherited) @executable_path/Frameworks";
				PRODUCT_BUNDLE_IDENTIFIER = com.maianhvu.ios.CoreGraphicsUtils;
				PRODUCT_NAME = "$(TARGET_NAME)";
				SWIFT_VERSION = 4.0;
				TARGETED_DEVICE_FAMILY = "1,2";
			};
			name = Release;
		};
		174A93BB20417CCF00EAA718 /* Debug */ = {
			isa = XCBuildConfiguration;
			buildSettings = {
				ALWAYS_EMBED_SWIFT_STANDARD_LIBRARIES = YES;
				BUNDLE_LOADER = "$(TEST_HOST)";
				CODE_SIGN_STYLE = Automatic;
				DEVELOPMENT_TEAM = A98SVH33FM;
				INFOPLIST_FILE = CoreGraphicsUtilsTests/Info.plist;
				LD_RUNPATH_SEARCH_PATHS = "$(inherited) @executable_path/Frameworks @loader_path/Frameworks";
				PRODUCT_BUNDLE_IDENTIFIER = com.maianhvu.ios.CoreGraphicsUtilsTests;
				PRODUCT_NAME = "$(TARGET_NAME)";
				SWIFT_VERSION = 4.0;
				TARGETED_DEVICE_FAMILY = "1,2";
				TEST_HOST = "$(BUILT_PRODUCTS_DIR)/CoreGraphicsUtils.app/CoreGraphicsUtils";
			};
			name = Debug;
		};
		174A93BC20417CCF00EAA718 /* Release */ = {
			isa = XCBuildConfiguration;
			buildSettings = {
				ALWAYS_EMBED_SWIFT_STANDARD_LIBRARIES = YES;
				BUNDLE_LOADER = "$(TEST_HOST)";
				CODE_SIGN_STYLE = Automatic;
				DEVELOPMENT_TEAM = A98SVH33FM;
				INFOPLIST_FILE = CoreGraphicsUtilsTests/Info.plist;
				LD_RUNPATH_SEARCH_PATHS = "$(inherited) @executable_path/Frameworks @loader_path/Frameworks";
				PRODUCT_BUNDLE_IDENTIFIER = com.maianhvu.ios.CoreGraphicsUtilsTests;
				PRODUCT_NAME = "$(TARGET_NAME)";
				SWIFT_VERSION = 4.0;
				TARGETED_DEVICE_FAMILY = "1,2";
				TEST_HOST = "$(BUILT_PRODUCTS_DIR)/CoreGraphicsUtils.app/CoreGraphicsUtils";
			};
			name = Release;
		};
		174A93BE20417CCF00EAA718 /* Debug */ = {
			isa = XCBuildConfiguration;
			buildSettings = {
				ALWAYS_EMBED_SWIFT_STANDARD_LIBRARIES = YES;
				CODE_SIGN_STYLE = Automatic;
				DEVELOPMENT_TEAM = A98SVH33FM;
				INFOPLIST_FILE = CoreGraphicsUtilsUITests/Info.plist;
				LD_RUNPATH_SEARCH_PATHS = "$(inherited) @executable_path/Frameworks @loader_path/Frameworks";
				PRODUCT_BUNDLE_IDENTIFIER = com.maianhvu.ios.CoreGraphicsUtilsUITests;
				PRODUCT_NAME = "$(TARGET_NAME)";
				SWIFT_VERSION = 4.0;
				TARGETED_DEVICE_FAMILY = "1,2";
				TEST_TARGET_NAME = CoreGraphicsUtils;
			};
			name = Debug;
		};
		174A93BF20417CCF00EAA718 /* Release */ = {
			isa = XCBuildConfiguration;
			buildSettings = {
				ALWAYS_EMBED_SWIFT_STANDARD_LIBRARIES = YES;
				CODE_SIGN_STYLE = Automatic;
				DEVELOPMENT_TEAM = A98SVH33FM;
				INFOPLIST_FILE = CoreGraphicsUtilsUITests/Info.plist;
				LD_RUNPATH_SEARCH_PATHS = "$(inherited) @executable_path/Frameworks @loader_path/Frameworks";
				PRODUCT_BUNDLE_IDENTIFIER = com.maianhvu.ios.CoreGraphicsUtilsUITests;
				PRODUCT_NAME = "$(TARGET_NAME)";
				SWIFT_VERSION = 4.0;
				TARGETED_DEVICE_FAMILY = "1,2";
				TEST_TARGET_NAME = CoreGraphicsUtils;
			};
			name = Release;
		};
/* End XCBuildConfiguration section */

/* Begin XCConfigurationList section */
		174A938A20417CCF00EAA718 /* Build configuration list for PBXProject "CoreGraphicsUtils" */ = {
			isa = XCConfigurationList;
			buildConfigurations = (
				174A93B520417CCF00EAA718 /* Debug */,
				174A93B620417CCF00EAA718 /* Release */,
			);
			defaultConfigurationIsVisible = 0;
			defaultConfigurationName = Release;
		};
		174A93B720417CCF00EAA718 /* Build configuration list for PBXNativeTarget "CoreGraphicsUtils" */ = {
			isa = XCConfigurationList;
			buildConfigurations = (
				174A93B820417CCF00EAA718 /* Debug */,
				174A93B920417CCF00EAA718 /* Release */,
			);
			defaultConfigurationIsVisible = 0;
			defaultConfigurationName = Release;
		};
		174A93BA20417CCF00EAA718 /* Build configuration list for PBXNativeTarget "CoreGraphicsUtilsTests" */ = {
			isa = XCConfigurationList;
			buildConfigurations = (
				174A93BB20417CCF00EAA718 /* Debug */,
				174A93BC20417CCF00EAA718 /* Release */,
			);
			defaultConfigurationIsVisible = 0;
			defaultConfigurationName = Release;
		};
		174A93BD20417CCF00EAA718 /* Build configuration list for PBXNativeTarget "CoreGraphicsUtilsUITests" */ = {
			isa = XCConfigurationList;
			buildConfigurations = (
				174A93BE20417CCF00EAA718 /* Debug */,
				174A93BF20417CCF00EAA718 /* Release */,
			);
			defaultConfigurationIsVisible = 0;
			defaultConfigurationName = Release;
		};
/* End XCConfigurationList section */
	};
	rootObject = 174A938720417CCF00EAA718 /* Project object */;
}
